
Microsoft Visual Studio Solution File, Format Version 12.00
# Visual Studio 2013
VisualStudioVersion = 12.0.31101.0
MinimumVisualStudioVersion = 10.0.40219.1
Project("{FAE04EC0-301F-11D3-BF4B-00C04F79EFBC}") = "DashboardApp", "DashboardApp\DashboardApp.csproj", "{F5B8084E-A3FF-47E3-811A-EB91395FC497}"
EndProject
Project("{FAE04EC0-301F-11D3-BF4B-00C04F79EFBC}") = "DashboardApp.Tests", "..\..\Visual Studio 2013\Projects\DashboardApp\DashboardApp.Tests\DashboardApp.Tests.csproj", "{17A0F0AE-6D1D-47BD-8766-117751C66125}"
EndProject
Global
	GlobalSection(SolutionConfigurationPlatforms) = preSolution
		Debug|Any CPU = Debug|Any CPU
		Release|Any CPU = Release|Any CPU
	EndGlobalSection
	GlobalSection(ProjectConfigurationPlatforms) = postSolution
		{F5B8084E-A3FF-47E3-811A-EB91395FC497}.Debug|Any CPU.ActiveCfg = Debug|Any CPU
		{F5B8084E-A3FF-47E3-811A-EB91395FC497}.Debug|Any CPU.Build.0 = Debug|Any CPU
		{F5B8084E-A3FF-47E3-811A-EB91395FC497}.Release|Any CPU.ActiveCfg = Release|Any CPU
		{F5B8084E-A3FF-47E3-811A-EB91395FC497}.Release|Any CPU.Build.0 = Release|Any CPU
		{17A0F0AE-6D1D-47BD-8766-117751C66125}.Debug|Any CPU.ActiveCfg = Debug|Any CPU
		{17A0F0AE-6D1D-47BD-8766-117751C66125}.Debug|Any CPU.Build.0 = Debug|Any CPU
		{17A0F0AE-6D1D-47BD-8766-117751C66125}.Release|Any CPU.ActiveCfg = Release|Any CPU
		{17A0F0AE-6D1D-47BD-8766-117751C66125}.Release|Any CPU.Build.0 = Release|Any CPU
	EndGlobalSection
	GlobalSection(SolutionProperties) = preSolution
		HideSolutionNode = FALSE
	EndGlobalSection
EndGlobal
